
Microsoft Visual Studio Solution File, Format Version 12.00
# Visual Studio Version 16
VisualStudioVersion = 25.0.1706.14
MinimumVisualStudioVersion = 10.0.40219.1
Project("{FAE04EC0-301F-11D3-BF4B-00C04F79EFBC}") = "LibraryTerminal", "LibraryTerminal.csproj", "{192278F0-1B4A-499A-AA8C-095DA74D5597}"
EndProject
Global
	GlobalSection(SolutionConfigurationPlatforms) = preSolution
		Debug|Any CPU = Debug|Any CPU
		Release|Any CPU = Release|Any CPU
	EndGlobalSection
	GlobalSection(ProjectConfigurationPlatforms) = postSolution
		{192278F0-1B4A-499A-AA8C-095DA74D5597}.Debug|Any CPU.ActiveCfg = Debug|Any CPU
		{192278F0-1B4A-499A-AA8C-095DA74D5597}.Debug|Any CPU.Build.0 = Debug|Any CPU
		{192278F0-1B4A-499A-AA8C-095DA74D5597}.Release|Any CPU.ActiveCfg = Release|Any CPU
		{192278F0-1B4A-499A-AA8C-095DA74D5597}.Release|Any CPU.Build.0 = Release|Any CPU
	EndGlobalSection
	GlobalSection(SolutionProperties) = preSolution
		HideSolutionNode = FALSE
	EndGlobalSection
	GlobalSection(ExtensibilityGlobals) = postSolution
		SolutionGuid = {004DEC79-8C45-4504-8965-4240F06A70A8}
	EndGlobalSection
EndGlobal
